<?xml version="1.0" encoding="utf-8"?>
<Project ToolsVersion="4.0" xmlns="http://schemas.microsoft.com/developer/msbuild/2003">
  <ItemGroup>
    <Filter Include="Source Files">
      <UniqueIdentifier>{4FC737F1-C7A5-4376-A066-2A32D752A2FF}</UniqueIdentifier>
      <Extensions>cpp;c;cc;cxx;def;odl;idl;hpj;bat;asm;asmx</Extensions>
    </Filter>
    <Filter Include="Header Files">
      <UniqueIdentifier>{93995380-89BD-4b04-88EB-625FBE52EBFB}</UniqueIdentifier>
      <Extensions>h;hh;hpp;hxx;hm;inl;inc;xsd</Extensions>
    </Filter>
    <Filter Include="Resource Files">
      <UniqueIdentifier>{67DA6AB6-F800-4c08-8B7A-83BB121AAD01}</UniqueIdentifier>
      <Extensions>rc;ico;cur;bmp;dlg;rc2;rct;bin;rgs;gif;jpg;jpeg;jpe;resx;tiff;tif;png;wav;mfcribbon-ms</Extensions>
    </Filter>
    <Filter Include="Source Files\Lib">
      <UniqueIdentifier>{9983e2ac-9394-4404-9f09-caa52ea2e922}</UniqueIdentifier>
    </Filter>
  </ItemGroup>
  <ItemGroup>
    <ClCompile Include="src\BlankInfo.cpp">
      <Filter>Source Files</Filter>
    </ClCompile>
    <ClCompile Include="src\classCRC.cpp">
      <Filter>Source Files</Filter>
    </ClCompile>
    <ClCompile Include="src\DllMain.cpp">
      <Filter>Source Files</Filter>
    </ClCompile>
    <ClCompile Include="src\ErrorEtc.cpp">
      <Filter>Source Files</Filter>
    </ClCompile>
    <ClCompile Include="src\GlobalData.cpp">
      <Filter>Source Files</Filter>
    </ClCompile>
    <ClCompile Include="src\libCrc.cpp">
      <Filter>Source Files</Filter>
    </ClCompile>
    <ClCompile Include="src\libFile.cpp">
      <Filter>Source Files</Filter>
    </ClCompile>
    <ClCompile Include="src\libString.cpp">
      <Filter>Source Files</Filter>
    </ClCompile>
    <ClCompile Include="src\stdafx.cpp">
      <Filter>Source Files</Filter>
    </ClCompile>
    <ClCompile Include="src\TriggerVFS.cpp">
      <Filter>Source Files</Filter>
    </ClCompile>
    <ClCompile Include="src\VFS.cpp">
      <Filter>Source Files</Filter>
    </ClCompile>
    <ClCompile Include="src\VFS_Manager.cpp">
      <Filter>Source Files</Filter>
    </ClCompile>
  </ItemGroup>
  <ItemGroup>
    <ClInclude Include="src\BlankInfo.h">
      <Filter>Source Files</Filter>
    </ClInclude>
    <ClInclude Include="src\classCRC.h">
      <Filter>Source Files</Filter>
    </ClInclude>
    <ClInclude Include="src\DllMain.h">
      <Filter>Source Files</Filter>
    </ClInclude>
    <ClInclude Include="src\ErrorEtc.h">
      <Filter>Source Files</Filter>
    </ClInclude>
    <ClInclude Include="src\GlobalData.h">
      <Filter>Source Files</Filter>
    </ClInclude>
    <ClInclude Include="src\libCrc.h">
      <Filter>Source Files</Filter>
    </ClInclude>
    <ClInclude Include="src\libFile.h">
      <Filter>Source Files</Filter>
    </ClInclude>
    <ClInclude Include="src\libString.h">
      <Filter>Source Files</Filter>
    </ClInclude>
    <ClInclude Include="src\Macro.h">
      <Filter>Source Files</Filter>
    </ClInclude>
    <ClInclude Include="src\stdafx.h">
      <Filter>Source Files</Filter>
    </ClInclude>
    <ClInclude Include="src\TriggerVFS.h">
      <Filter>Source Files</Filter>
    </ClInclude>
    <ClInclude Include="src\VFS.h">
      <Filter>Source Files</Filter>
    </ClInclude>
    <ClInclude Include="src\VFS_Manager.h">
      <Filter>Source Files</Filter>
    </ClInclude>
    <ClInclude Include="src\Lib\__File.h">
      <Filter>Source Files\Lib</Filter>
    </ClInclude>
    <ClInclude Include="src\Lib\crc.h">
      <Filter>Source Files\Lib</Filter>
    </ClInclude>
    <ClInclude Include="include\__File.h">
      <Filter>Header Files</Filter>
    </ClInclude>
    <ClInclude Include="include\BlankInfo.h">
      <Filter>Header Files</Filter>
    </ClInclude>
    <ClInclude Include="include\classCRC.h">
      <Filter>Header Files</Filter>
    </ClInclude>
    <ClInclude Include="include\crc.h">
      <Filter>Header Files</Filter>
    </ClInclude>
    <ClInclude Include="include\DllMain.h">
      <Filter>Header Files</Filter>
    </ClInclude>
    <ClInclude Include="include\ErrorEtc.h">
      <Filter>Header Files</Filter>
    </ClInclude>
    <ClInclude Include="include\GlobalData.h">
      <Filter>Header Files</Filter>
    </ClInclude>
    <ClInclude Include="include\libCrc.h">
      <Filter>Header Files</Filter>
    </ClInclude>
    <ClInclude Include="include\libFile.h">
      <Filter>Header Files</Filter>
    </ClInclude>
    <ClInclude Include="include\libString.h">
      <Filter>Header Files</Filter>
    </ClInclude>
    <ClInclude Include="include\Macro.h">
      <Filter>Header Files</Filter>
    </ClInclude>
    <ClInclude Include="include\TriggerVFS.h">
      <Filter>Header Files</Filter>
    </ClInclude>
    <ClInclude Include="include\VFS.h">
      <Filter>Header Files</Filter>
    </ClInclude>
    <ClInclude Include="include\VFS_Manager.h">
      <Filter>Header Files</Filter>
    </ClInclude>
  </ItemGroup>
</Project>